# This file is autogenerated, do not edit; changes may be undone by the next 'dep ensure'.


[[projects]]
  branch = "master"
  digest = "1:f7d934c4d8db5da8ba9232b91e51ffc1c310c640c9999e21e7e5cfe786737a6d"
  name = "github.com/gregdel/pushover"
  packages = ["."]
  pruneopts = "UT"
  revision = "15d3fef406363e87c21b8ffa5dbe430bff13ac76"

[[projects]]
  digest = "1:af105c7c5dc0b4ae41991f122cae860b9600f7d226072c2a83127048c991660c"
  name = "github.com/hashicorp/go-cleanhttp"
  packages = ["."]
  pruneopts = "UT"
  revision = "eda1e5db218aad1db63ca4642c8906b26bcf2744"
  version = "v0.5.1"

[[projects]]
  digest = "1:1b3846ff916f345c9b3c1b3a7634a3b5334c43eeaf0cdb332d0e09221c44bb1c"
  name = "github.com/hekmon/cunits"
  packages = ["."]
  pruneopts = "UT"
  revision = "ba1012b3527b75508491a937dadc880457f80063"
  version = "v2.0.1"

[[projects]]
  branch = "master"
  digest = "1:67a1efa629759749245d009a73621ed12c9a3cd15f7566201f92673b4365482e"
  name = "github.com/hekmon/hllogger"
  packages = ["."]
  pruneopts = "UT"
  revision = "e033cfb0e0f48934d83349216d1003267ac115e1"

[[projects]]
  branch = "master"
  digest = "1:b5fd5307fb83a70afc35ff3d83ac5c6d7d47317a28618497d60637abbd98e28d"
  name = "github.com/hekmon/pushover"
  packages = ["."]
  pruneopts = "UT"
  revision = "e3f544249111a3a0e4a607be119bcf1a522c2b09"

[[projects]]
  branch = "master"
  digest = "1:e6d4021bc3806cb894d16613984ca3b91ad929df40af0f19133cf9dcb9566b52"
  name = "github.com/hekmon/transmissionrpc"
  packages = ["."]
  pruneopts = "UT"
  revision = "1d589625bacd4058ffe3b9e884a88f158d9e1d15"

[[projects]]
  digest = "1:dff90b2713cc3803fbcdb1d2c5e9320417dae3472a3038198a69a037c756cdc7"
  name = "github.com/iguanesolutions/go-systemd"
  packages = ["."]
  pruneopts = "UT"
  revision = "326d1e35169751d6da5422cd73fa81725c12b085"
  version = "v3.1.2"

[solve-meta]
  analyzer-name = "dep"
  analyzer-version = 1
  input-imports = [
    "github.com/hekmon/cunits",
    "github.com/hekmon/hllogger",
    "github.com/hekmon/pushover",
    "github.com/hekmon/transmissionrpc",
    "github.com/iguanesolutions/go-systemd",
  ]
  solver-name = "gps-cdcl"
  solver-version = 1
